
Microsoft Visual Studio Solution File, Format Version 12.00
# Visual Studio Version 16
VisualStudioVersion = 16.0.29306.81
MinimumVisualStudioVersion = 10.0.40219.1
Project("{FAE04EC0-301F-11D3-BF4B-00C04F79EFBC}") = "HelloWorld", "HelloWorld\HelloWorld.csproj", "{008B3214-F7E8-4122-ABB7-7B2E8F3F0229}"
EndProject
Global
	GlobalSection(SolutionConfigurationPlatforms) = preSolution
		Debug|Any CPU = Debug|Any CPU
		Release|Any CPU = Release|Any CPU
	EndGlobalSection
	GlobalSection(ProjectConfigurationPlatforms) = postSolution
		{008B3214-F7E8-4122-ABB7-7B2E8F3F0229}.Debug|Any CPU.ActiveCfg = Debug|Any CPU
		{008B3214-F7E8-4122-ABB7-7B2E8F3F0229}.Debug|Any CPU.Build.0 = Debug|Any CPU
		{008B3214-F7E8-4122-ABB7-7B2E8F3F0229}.Release|Any CPU.ActiveCfg = Release|Any CPU
		{008B3214-F7E8-4122-ABB7-7B2E8F3F0229}.Release|Any CPU.Build.0 = Release|Any CPU
	EndGlobalSection
	GlobalSection(SolutionProperties) = preSolution
		HideSolutionNode = FALSE
	EndGlobalSection
	GlobalSection(ExtensibilityGlobals) = postSolution
		SolutionGuid = {24341B82-6A0E-403A-8DD6-3BB2F91510A4}
	EndGlobalSection
EndGlobal
